// !$*UTF8*$!
{
	archiveVersion = 1;
	classes = {
	};
	objectVersion = 77;
	objects = {

/* Begin PBXBuildFile section */
		1E0FDD622E259B4900AB4A4E /* GoogleService-Info.plist in Resources */ = {isa = PBXBuildFile; fileRef = 1E0FDD612E259B4900AB4A4E /* GoogleService-Info.plist */; };
		1E0FDD632E259B4900AB4A4E /* GoogleService-Info.plist in Resources */ = {isa = PBXBuildFile; fileRef = 1E0FDD612E259B4900AB4A4E /* GoogleService-Info.plist */; };
		1E0FDD642E259B4900AB4A4E /* GoogleService-Info.plist in Resources */ = {isa = PBXBuildFile; fileRef = 1E0FDD612E259B4900AB4A4E /* GoogleService-Info.plist */; };
		1E0FDD692E259C3E00AB4A4E /* FirebaseAnalytics in Frameworks */ = {isa = PBXBuildFile; productRef = 1E0FDD682E259C3E00AB4A4E /* FirebaseAnalytics */; };
		1E0FDD6B2E259C3E00AB4A4E /* FirebaseAuth in Frameworks */ = {isa = PBXBuildFile; productRef = 1E0FDD6A2E259C3E00AB4A4E /* FirebaseAuth */; };
		1E0FDD6D2E259C3E00AB4A4E /* FirebaseFirestore in Frameworks */ = {isa = PBXBuildFile; productRef = 1E0FDD6C2E259C3E00AB4A4E /* FirebaseFirestore */; };
		1E0FDE4A2E3406EB00AB4A4E /* AlertToast in Frameworks */ = {isa = PBXBuildFile; productRef = 1E0FDE492E3406EB00AB4A4E /* AlertToast */; };
/* End PBXBuildFile section */

/* Begin PBXContainerItemProxy section */
		1EB0D0F12E17A29300CDC873 /* PBXContainerItemProxy */ = {
			isa = PBXContainerItemProxy;
			containerPortal = 1EB0D0D82E17A29100CDC873 /* Project object */;
			proxyType = 1;
			remoteGlobalIDString = 1EB0D0DF2E17A29200CDC873;
			remoteInfo = Clio;
		};
		1EB0D0FB2E17A29300CDC873 /* PBXContainerItemProxy */ = {
			isa = PBXContainerItemProxy;
			containerPortal = 1EB0D0D82E17A29100CDC873 /* Project object */;
			proxyType = 1;
			remoteGlobalIDString = 1EB0D0DF2E17A29200CDC873;
			remoteInfo = Clio;
		};
/* End PBXContainerItemProxy section */

/* Begin PBXFileReference section */
		1E0FDD612E259B4900AB4A4E /* GoogleService-Info.plist */ = {isa = PBXFileReference; lastKnownFileType = text.plist.xml; path = "GoogleService-Info.plist"; sourceTree = "<group>"; };
		1EB0D0E02E17A29200CDC873 /* Clio.app */ = {isa = PBXFileReference; explicitFileType = wrapper.application; includeInIndex = 0; path = Clio.app; sourceTree = BUILT_PRODUCTS_DIR; };
		1EB0D0F02E17A29300CDC873 /* ClioTests.xctest */ = {isa = PBXFileReference; explicitFileType = wrapper.cfbundle; includeInIndex = 0; path = ClioTests.xctest; sourceTree = BUILT_PRODUCTS_DIR; };
		1EB0D0FA2E17A29300CDC873 /* ClioUITests.xctest */ = {isa = PBXFileReference; explicitFileType = wrapper.cfbundle; includeInIndex = 0; path = ClioUITests.xctest; sourceTree = BUILT_PRODUCTS_DIR; };
/* End PBXFileReference section */

/* Begin PBXFileSystemSynchronizedBuildFileExceptionSet section */
		1E0593EA2E61453B00F28A43 /* Exceptions for "Clio" folder in "Clio" target */ = {
			isa = PBXFileSystemSynchronizedBuildFileExceptionSet;
			membershipExceptions = (
				Info.plist,
			);
			target = 1EB0D0DF2E17A29200CDC873 /* Clio */;
		};
/* End PBXFileSystemSynchronizedBuildFileExceptionSet section */

/* Begin PBXFileSystemSynchronizedRootGroup section */
		1EB0D0E22E17A29200CDC873 /* Clio */ = {
			isa = PBXFileSystemSynchronizedRootGroup;
			exceptions = (
				1E0593EA2E61453B00F28A43 /* Exceptions for "Clio" folder in "Clio" target */,
			);
			path = Clio;
			sourceTree = "<group>";
		};
		1EB0D0F32E17A29300CDC873 /* ClioTests */ = {
			isa = PBXFileSystemSynchronizedRootGroup;
			path = ClioTests;
			sourceTree = "<group>";
		};
		1EB0D0FD2E17A29300CDC873 /* ClioUITests */ = {
			isa = PBXFileSystemSynchronizedRootGroup;
			path = ClioUITests;
			sourceTree = "<group>";
		};
/* End PBXFileSystemSynchronizedRootGroup section */

/* Begin PBXFrameworksBuildPhase section */
		1EB0D0DD2E17A29200CDC873 /* Frameworks */ = {
			isa = PBXFrameworksBuildPhase;
			buildActionMask = 2147483647;
			files = (
				1E0FDD692E259C3E00AB4A4E /* FirebaseAnalytics in Frameworks */,
				1E0FDE4A2E3406EB00AB4A4E /* AlertToast in Frameworks */,
				1E0FDD6B2E259C3E00AB4A4E /* FirebaseAuth in Frameworks */,
				1E0FDD6D2E259C3E00AB4A4E /* FirebaseFirestore in Frameworks */,
			);
			runOnlyForDeploymentPostprocessing = 0;
		};
		1EB0D0ED2E17A29300CDC873 /* Frameworks */ = {
			isa = PBXFrameworksBuildPhase;
			buildActionMask = 2147483647;
			files = (
			);
			runOnlyForDeploymentPostprocessing = 0;
		};
		1EB0D0F72E17A29300CDC873 /* Frameworks */ = {
			isa = PBXFrameworksBuildPhase;
			buildActionMask = 2147483647;
			files = (
			);
			runOnlyForDeploymentPostprocessing = 0;
		};
/* End PBXFrameworksBuildPhase section */

/* Begin PBXGroup section */
		1EB0D0D72E17A29100CDC873 = {
			isa = PBXGroup;
			children = (
				1EB0D0E22E17A29200CDC873 /* Clio */,
				1E0FDD612E259B4900AB4A4E /* GoogleService-Info.plist */,
				1EB0D0F32E17A29300CDC873 /* ClioTests */,
				1EB0D0FD2E17A29300CDC873 /* ClioUITests */,
				1EB0D0E12E17A29200CDC873 /* Products */,
			);
			sourceTree = "<group>";
		};
		1EB0D0E12E17A29200CDC873 /* Products */ = {
			isa = PBXGroup;
			children = (
				1EB0D0E02E17A29200CDC873 /* Clio.app */,
				1EB0D0F02E17A29300CDC873 /* ClioTests.xctest */,
				1EB0D0FA2E17A29300CDC873 /* ClioUITests.xctest */,
			);
			name = Products;
			sourceTree = "<group>";
		};
/* End PBXGroup section */

/* Begin PBXNativeTarget section */
		1EB0D0DF2E17A29200CDC873 /* Clio */ = {
			isa = PBXNativeTarget;
			buildConfigurationList = 1EB0D1042E17A29300CDC873 /* Build configuration list for PBXNativeTarget "Clio" */;
			buildPhases = (
				1EB0D0DC2E17A29200CDC873 /* Sources */,
				1EB0D0DD2E17A29200CDC873 /* Frameworks */,
				1EB0D0DE2E17A29200CDC873 /* Resources */,
			);
			buildRules = (
			);
			dependencies = (
			);
			fileSystemSynchronizedGroups = (
				1EB0D0E22E17A29200CDC873 /* Clio */,
			);
			name = Clio;
			packageProductDependencies = (
				1E0FDD682E259C3E00AB4A4E /* FirebaseAnalytics */,
				1E0FDD6A2E259C3E00AB4A4E /* FirebaseAuth */,
				1E0FDD6C2E259C3E00AB4A4E /* FirebaseFirestore */,
				1E0FDE492E3406EB00AB4A4E /* AlertToast */,
			);
			productName = Clio;
			productReference = 1EB0D0E02E17A29200CDC873 /* Clio.app */;
			productType = "com.apple.product-type.application";
		};
		1EB0D0EF2E17A29300CDC873 /* ClioTests */ = {
			isa = PBXNativeTarget;
			buildConfigurationList = 1EB0D1072E17A29300CDC873 /* Build configuration list for PBXNativeTarget "ClioTests" */;
			buildPhases = (
				1EB0D0EC2E17A29300CDC873 /* Sources */,
				1EB0D0ED2E17A29300CDC873 /* Frameworks */,
				1EB0D0EE2E17A29300CDC873 /* Resources */,
			);
			buildRules = (
			);
			dependencies = (
				1EB0D0F22E17A29300CDC873 /* PBXTargetDependency */,
			);
			fileSystemSynchronizedGroups = (
				1EB0D0F32E17A29300CDC873 /* ClioTests */,
			);
			name = ClioTests;
			packageProductDependencies = (
			);
			productName = ClioTests;
			productReference = 1EB0D0F02E17A29300CDC873 /* ClioTests.xctest */;
			productType = "com.apple.product-type.bundle.unit-test";
		};
		1EB0D0F92E17A29300CDC873 /* ClioUITests */ = {
			isa = PBXNativeTarget;
			buildConfigurationList = 1EB0D10A2E17A29300CDC873 /* Build configuration list for PBXNativeTarget "ClioUITests" */;
			buildPhases = (
				1EB0D0F62E17A29300CDC873 /* Sources */,
				1EB0D0F72E17A29300CDC873 /* Frameworks */,
				1EB0D0F82E17A29300CDC873 /* Resources */,
			);
			buildRules = (
			);
			dependencies = (
				1EB0D0FC2E17A29300CDC873 /* PBXTargetDependency */,
			);
			fileSystemSynchronizedGroups = (
				1EB0D0FD2E17A29300CDC873 /* ClioUITests */,
			);
			name = ClioUITests;
			packageProductDependencies = (
			);
			productName = ClioUITests;
			productReference = 1EB0D0FA2E17A29300CDC873 /* ClioUITests.xctest */;
			productType = "com.apple.product-type.bundle.ui-testing";
		};
/* End PBXNativeTarget section */

/* Begin PBXProject section */
		1EB0D0D82E17A29100CDC873 /* Project object */ = {
			isa = PBXProject;
			attributes = {
				BuildIndependentTargetsInParallel = 1;
				LastSwiftUpdateCheck = 1620;
				LastUpgradeCheck = 1640;
				TargetAttributes = {
					1EB0D0DF2E17A29200CDC873 = {
						CreatedOnToolsVersion = 16.2;
					};
					1EB0D0EF2E17A29300CDC873 = {
						CreatedOnToolsVersion = 16.2;
						TestTargetID = 1EB0D0DF2E17A29200CDC873;
					};
					1EB0D0F92E17A29300CDC873 = {
						CreatedOnToolsVersion = 16.2;
						TestTargetID = 1EB0D0DF2E17A29200CDC873;
					};
				};
			};
			buildConfigurationList = 1EB0D0DB2E17A29100CDC873 /* Build configuration list for PBXProject "Clio" */;
			developmentRegion = en;
			hasScannedForEncodings = 0;
			knownRegions = (
				en,
				Base,
			);
			mainGroup = 1EB0D0D72E17A29100CDC873;
			minimizedProjectReferenceProxies = 1;
			packageReferences = (
				1E0FDD672E259C3E00AB4A4E /* XCRemoteSwiftPackageReference "firebase-ios-sdk" */,
				1E0FDE482E3406EB00AB4A4E /* XCRemoteSwiftPackageReference "AlertToast" */,
			);
			preferredProjectObjectVersion = 77;
			productRefGroup = 1EB0D0E12E17A29200CDC873 /* Products */;
			projectDirPath = "";
			projectRoot = "";
			targets = (
				1EB0D0DF2E17A29200CDC873 /* Clio */,
				1EB0D0EF2E17A29300CDC873 /* ClioTests */,
				1EB0D0F92E17A29300CDC873 /* ClioUITests */,
			);
		};
/* End PBXProject section */

/* Begin PBXResourcesBuildPhase section */
		1EB0D0DE2E17A29200CDC873 /* Resources */ = {
			isa = PBXResourcesBuildPhase;
			buildActionMask = 2147483647;
			files = (
				1E0FDD622E259B4900AB4A4E /* GoogleService-Info.plist in Resources */,
			);
			runOnlyForDeploymentPostprocessing = 0;
		};
		1EB0D0EE2E17A29300CDC873 /* Resources */ = {
			isa = PBXResourcesBuildPhase;
			buildActionMask = 2147483647;
			files = (
				1E0FDD632E259B4900AB4A4E /* GoogleService-Info.plist in Resources */,
			);
			runOnlyForDeploymentPostprocessing = 0;
		};
		1EB0D0F82E17A29300CDC873 /* Resources */ = {
			isa = PBXResourcesBuildPhase;
			buildActionMask = 2147483647;
			files = (
				1E0FDD642E259B4900AB4A4E /* GoogleService-Info.plist in Resources */,
			);
			runOnlyForDeploymentPostprocessing = 0;
		};
/* End PBXResourcesBuildPhase section */

/* Begin PBXSourcesBuildPhase section */
		1EB0D0DC2E17A29200CDC873 /* Sources */ = {
			isa = PBXSourcesBuildPhase;
			buildActionMask = 2147483647;
			files = (
			);
			runOnlyForDeploymentPostprocessing = 0;
		};
		1EB0D0EC2E17A29300CDC873 /* Sources */ = {
			isa = PBXSourcesBuildPhase;
			buildActionMask = 2147483647;
			files = (
			);
			runOnlyForDeploymentPostprocessing = 0;
		};
		1EB0D0F62E17A29300CDC873 /* Sources */ = {
			isa = PBXSourcesBuildPhase;
			buildActionMask = 2147483647;
			files = (
			);
			runOnlyForDeploymentPostprocessing = 0;
		};
/* End PBXSourcesBuildPhase section */

/* Begin PBXTargetDependency section */
		1EB0D0F22E17A29300CDC873 /* PBXTargetDependency */ = {
			isa = PBXTargetDependency;
			target = 1EB0D0DF2E17A29200CDC873 /* Clio */;
			targetProxy = 1EB0D0F12E17A29300CDC873 /* PBXContainerItemProxy */;
		};
		1EB0D0FC2E17A29300CDC873 /* PBXTargetDependency */ = {
			isa = PBXTargetDependency;
			target = 1EB0D0DF2E17A29200CDC873 /* Clio */;
			targetProxy = 1EB0D0FB2E17A29300CDC873 /* PBXContainerItemProxy */;
		};
/* End PBXTargetDependency section */

/* Begin XCBuildConfiguration section */
		1EB0D1022E17A29300CDC873 /* Debug */ = {
			isa = XCBuildConfiguration;
			buildSettings = {
				ALWAYS_SEARCH_USER_PATHS = NO;
				ASSETCATALOG_COMPILER_GENERATE_SWIFT_ASSET_SYMBOL_EXTENSIONS = YES;
				CLANG_ANALYZER_NONNULL = YES;
				CLANG_ANALYZER_NUMBER_OBJECT_CONVERSION = YES_AGGRESSIVE;
				CLANG_CXX_LANGUAGE_STANDARD = "gnu++20";
				CLANG_ENABLE_MODULES = YES;
				CLANG_ENABLE_OBJC_ARC = YES;
				CLANG_ENABLE_OBJC_WEAK = YES;
				CLANG_WARN_BLOCK_CAPTURE_AUTORELEASING = YES;
				CLANG_WARN_BOOL_CONVERSION = YES;
				CLANG_WARN_COMMA = YES;
				CLANG_WARN_CONSTANT_CONVERSION = YES;
				CLANG_WARN_DEPRECATED_OBJC_IMPLEMENTATIONS = YES;
				CLANG_WARN_DIRECT_OBJC_ISA_USAGE = YES_ERROR;
				CLANG_WARN_DOCUMENTATION_COMMENTS = YES;
				CLANG_WARN_EMPTY_BODY = YES;
				CLANG_WARN_ENUM_CONVERSION = YES;
				CLANG_WARN_INFINITE_RECURSION = YES;
				CLANG_WARN_INT_CONVERSION = YES;
				CLANG_WARN_NON_LITERAL_NULL_CONVERSION = YES;
				CLANG_WARN_OBJC_IMPLICIT_RETAIN_SELF = YES;
				CLANG_WARN_OBJC_LITERAL_CONVERSION = YES;
				CLANG_WARN_OBJC_ROOT_CLASS = YES_ERROR;
				CLANG_WARN_QUOTED_INCLUDE_IN_FRAMEWORK_HEADER = YES;
				CLANG_WARN_RANGE_LOOP_ANALYSIS = YES;
				CLANG_WARN_STRICT_PROTOTYPES = YES;
				CLANG_WARN_SUSPICIOUS_MOVE = YES;
				CLANG_WARN_UNGUARDED_AVAILABILITY = YES_AGGRESSIVE;
				CLANG_WARN_UNREACHABLE_CODE = YES;
				CLANG_WARN__DUPLICATE_METHOD_MATCH = YES;
				COPY_PHASE_STRIP = NO;
				DEBUG_INFORMATION_FORMAT = dwarf;
				DEVELOPMENT_TEAM = VCZ9KBCD6H;
				ENABLE_STRICT_OBJC_MSGSEND = YES;
				ENABLE_TESTABILITY = YES;
				ENABLE_USER_SCRIPT_SANDBOXING = YES;
				GCC_C_LANGUAGE_STANDARD = gnu17;
				GCC_DYNAMIC_NO_PIC = NO;
				GCC_NO_COMMON_BLOCKS = YES;
				GCC_OPTIMIZATION_LEVEL = 0;
				GCC_PREPROCESSOR_DEFINITIONS = (
					"DEBUG=1",
					"$(inherited)",
				);
				GCC_WARN_64_TO_32_BIT_CONVERSION = YES;
				GCC_WARN_ABOUT_RETURN_TYPE = YES_ERROR;
				GCC_WARN_UNDECLARED_SELECTOR = YES;
				GCC_WARN_UNINITIALIZED_AUTOS = YES_AGGRESSIVE;
				GCC_WARN_UNUSED_FUNCTION = YES;
				GCC_WARN_UNUSED_VARIABLE = YES;
				IPHONEOS_DEPLOYMENT_TARGET = 18.2;
				LOCALIZATION_PREFERS_STRING_CATALOGS = YES;
				MTL_ENABLE_DEBUG_INFO = INCLUDE_SOURCE;
				MTL_FAST_MATH = YES;
				ONLY_ACTIVE_ARCH = YES;
				SDKROOT = iphoneos;
				SWIFT_ACTIVE_COMPILATION_CONDITIONS = "DEBUG $(inherited)";
				SWIFT_OPTIMIZATION_LEVEL = "-Onone";
			};
			name = Debug;
		};
		1EB0D1032E17A29300CDC873 /* Release */ = {
			isa = XCBuildConfiguration;
			buildSettings = {
				ALWAYS_SEARCH_USER_PATHS = NO;
				ASSETCATALOG_COMPILER_GENERATE_SWIFT_ASSET_SYMBOL_EXTENSIONS = YES;
				CLANG_ANALYZER_NONNULL = YES;
				CLANG_ANALYZER_NUMBER_OBJECT_CONVERSION = YES_AGGRESSIVE;
				CLANG_CXX_LANGUAGE_STANDARD = "gnu++20";
				CLANG_ENABLE_MODULES = YES;
				CLANG_ENABLE_OBJC_ARC = YES;
				CLANG_ENABLE_OBJC_WEAK = YES;
				CLANG_WARN_BLOCK_CAPTURE_AUTORELEASING = YES;
				CLANG_WARN_BOOL_CONVERSION = YES;
				CLANG_WARN_COMMA = YES;
				CLANG_WARN_CONSTANT_CONVERSION = YES;
				CLANG_WARN_DEPRECATED_OBJC_IMPLEMENTATIONS = YES;
				CLANG_WARN_DIRECT_OBJC_ISA_USAGE = YES_ERROR;
				CLANG_WARN_DOCUMENTATION_COMMENTS = YES;
				CLANG_WARN_EMPTY_BODY = YES;
				CLANG_WARN_ENUM_CONVERSION = YES;
				CLANG_WARN_INFINITE_RECURSION = YES;
				CLANG_WARN_INT_CONVERSION = YES;
				CLANG_WARN_NON_LITERAL_NULL_CONVERSION = YES;
				CLANG_WARN_OBJC_IMPLICIT_RETAIN_SELF = YES;
				CLANG_WARN_OBJC_LITERAL_CONVERSION = YES;
				CLANG_WARN_OBJC_ROOT_CLASS = YES_ERROR;
				CLANG_WARN_QUOTED_INCLUDE_IN_FRAMEWORK_HEADER = YES;
				CLANG_WARN_RANGE_LOOP_ANALYSIS = YES;
				CLANG_WARN_STRICT_PROTOTYPES = YES;
				CLANG_WARN_SUSPICIOUS_MOVE = YES;
				CLANG_WARN_UNGUARDED_AVAILABILITY = YES_AGGRESSIVE;
				CLANG_WARN_UNREACHABLE_CODE = YES;
				CLANG_WARN__DUPLICATE_METHOD_MATCH = YES;
				COPY_PHASE_STRIP = NO;
				DEBUG_INFORMATION_FORMAT = "dwarf-with-dsym";
				DEVELOPMENT_TEAM = VCZ9KBCD6H;
				ENABLE_NS_ASSERTIONS = NO;
				ENABLE_STRICT_OBJC_MSGSEND = YES;
				ENABLE_USER_SCRIPT_SANDBOXING = YES;
				GCC_C_LANGUAGE_STANDARD = gnu17;
				GCC_NO_COMMON_BLOCKS = YES;
				GCC_WARN_64_TO_32_BIT_CONVERSION = YES;
				GCC_WARN_ABOUT_RETURN_TYPE = YES_ERROR;
				GCC_WARN_UNDECLARED_SELECTOR = YES;
				GCC_WARN_UNINITIALIZED_AUTOS = YES_AGGRESSIVE;
				GCC_WARN_UNUSED_FUNCTION = YES;
				GCC_WARN_UNUSED_VARIABLE = YES;
				IPHONEOS_DEPLOYMENT_TARGET = 18.2;
				LOCALIZATION_PREFERS_STRING_CATALOGS = YES;
				MTL_ENABLE_DEBUG_INFO = NO;
				MTL_FAST_MATH = YES;
				SDKROOT = iphoneos;
				SWIFT_COMPILATION_MODE = wholemodule;
				VALIDATE_PRODUCT = YES;
			};
			name = Release;
		};
		1EB0D1052E17A29300CDC873 /* Debug */ = {
			isa = XCBuildConfiguration;
			buildSettings = {
				ASSETCATALOG_COMPILER_APPICON_NAME = AppIcon;
				ASSETCATALOG_COMPILER_GLOBAL_ACCENT_COLOR_NAME = AccentColor;
				CODE_SIGN_ENTITLEMENTS = Clio/Clio.entitlements;
				CODE_SIGN_STYLE = Automatic;
				CURRENT_PROJECT_VERSION = 1;
				DEVELOPMENT_ASSET_PATHS = "\"Clio/Preview Content\"";
				DEVELOPMENT_TEAM = VCZ9KBCD6H;
				ENABLE_PREVIEWS = YES;
				GENERATE_INFOPLIST_FILE = YES;
				INFOPLIST_FILE = Clio/Info.plist;
				INFOPLIST_KEY_CFBundleDisplayName = "Clio iOS";
				INFOPLIST_KEY_LSApplicationCategoryType = "public.app-category.books";
				INFOPLIST_KEY_UIApplicationSceneManifest_Generation = YES;
				INFOPLIST_KEY_UIApplicationSupportsIndirectInputEvents = YES;
				INFOPLIST_KEY_UILaunchScreen_Generation = YES;
				INFOPLIST_KEY_UISupportedInterfaceOrientations_iPad = "UIInterfaceOrientationPortrait UIInterfaceOrientationPortraitUpsideDown UIInterfaceOrientationLandscapeLeft UIInterfaceOrientationLandscapeRight";
				INFOPLIST_KEY_UISupportedInterfaceOrientations_iPhone = "UIInterfaceOrientationPortrait UIInterfaceOrientationLandscapeLeft UIInterfaceOrientationLandscapeRight";
				LD_RUNPATH_SEARCH_PATHS = (
					"$(inherited)",
					"@executable_path/Frameworks",
				);
				MARKETING_VERSION = 1.0;
				PRODUCT_BUNDLE_IDENTIFIER = "Vivien-Quach.Clio";
				PRODUCT_NAME = "$(TARGET_NAME)";
				SWIFT_EMIT_LOC_STRINGS = YES;
				SWIFT_VERSION = 5.0;
				TARGETED_DEVICE_FAMILY = "1,2";
			};
			name = Debug;
		};
		1EB0D1062E17A29300CDC873 /* Release */ = {
			isa = XCBuildConfiguration;
			buildSettings = {
				ASSETCATALOG_COMPILER_APPICON_NAME = AppIcon;
				ASSETCATALOG_COMPILER_GLOBAL_ACCENT_COLOR_NAME = AccentColor;
				CODE_SIGN_ENTITLEMENTS = Clio/Clio.entitlements;
				CODE_SIGN_STYLE = Automatic;
				CURRENT_PROJECT_VERSION = 1;
				DEVELOPMENT_ASSET_PATHS = "\"Clio/Preview Content\"";
				DEVELOPMENT_TEAM = VCZ9KBCD6H;
				ENABLE_PREVIEWS = YES;
				GENERATE_INFOPLIST_FILE = YES;
				INFOPLIST_FILE = Clio/Info.plist;
				INFOPLIST_KEY_CFBundleDisplayName = "Clio iOS";
				INFOPLIST_KEY_LSApplicationCategoryType = "public.app-category.books";
				INFOPLIST_KEY_UIApplicationSceneManifest_Generation = YES;
				INFOPLIST_KEY_UIApplicationSupportsIndirectInputEvents = YES;
				INFOPLIST_KEY_UILaunchScreen_Generation = YES;
				INFOPLIST_KEY_UISupportedInterfaceOrientations_iPad = "UIInterfaceOrientationPortrait UIInterfaceOrientationPortraitUpsideDown UIInterfaceOrientationLandscapeLeft UIInterfaceOrientationLandscapeRight";
				INFOPLIST_KEY_UISupportedInterfaceOrientations_iPhone = "UIInterfaceOrientationPortrait UIInterfaceOrientationLandscapeLeft UIInterfaceOrientationLandscapeRight";
				LD_RUNPATH_SEARCH_PATHS = (
					"$(inherited)",
					"@executable_path/Frameworks",
				);
				MARKETING_VERSION = 1.0;
				PRODUCT_BUNDLE_IDENTIFIER = "Vivien-Quach.Clio";
				PRODUCT_NAME = "$(TARGET_NAME)";
				SWIFT_EMIT_LOC_STRINGS = YES;
				SWIFT_VERSION = 5.0;
				TARGETED_DEVICE_FAMILY = "1,2";
			};
			name = Release;
		};
		1EB0D1082E17A29300CDC873 /* Debug */ = {
			isa = XCBuildConfiguration;
			buildSettings = {
				BUNDLE_LOADER = "$(TEST_HOST)";
				CODE_SIGN_STYLE = Automatic;
				CURRENT_PROJECT_VERSION = 1;
				GENERATE_INFOPLIST_FILE = YES;
				IPHONEOS_DEPLOYMENT_TARGET = 18.2;
				MARKETING_VERSION = 1.0;
				PRODUCT_BUNDLE_IDENTIFIER = "Vivien-Quach.ClioTests";
				PRODUCT_NAME = "$(TARGET_NAME)";
				SWIFT_EMIT_LOC_STRINGS = NO;
				SWIFT_VERSION = 5.0;
				TARGETED_DEVICE_FAMILY = "1,2";
				TEST_HOST = "$(BUILT_PRODUCTS_DIR)/Clio.app/$(BUNDLE_EXECUTABLE_FOLDER_PATH)/Clio";
			};
			name = Debug;
		};
		1EB0D1092E17A29300CDC873 /* Release */ = {
			isa = XCBuildConfiguration;
			buildSettings = {
				BUNDLE_LOADER = "$(TEST_HOST)";
				CODE_SIGN_STYLE = Automatic;
				CURRENT_PROJECT_VERSION = 1;
				GENERATE_INFOPLIST_FILE = YES;
				IPHONEOS_DEPLOYMENT_TARGET = 18.2;
				MARKETING_VERSION = 1.0;
				PRODUCT_BUNDLE_IDENTIFIER = "Vivien-Quach.ClioTests";
				PRODUCT_NAME = "$(TARGET_NAME)";
				SWIFT_EMIT_LOC_STRINGS = NO;
				SWIFT_VERSION = 5.0;
				TARGETED_DEVICE_FAMILY = "1,2";
				TEST_HOST = "$(BUILT_PRODUCTS_DIR)/Clio.app/$(BUNDLE_EXECUTABLE_FOLDER_PATH)/Clio";
			};
			name = Release;
		};
		1EB0D10B2E17A29300CDC873 /* Debug */ = {
			isa = XCBuildConfiguration;
			buildSettings = {
				CODE_SIGN_STYLE = Automatic;
				CURRENT_PROJECT_VERSION = 1;
				GENERATE_INFOPLIST_FILE = YES;
				MARKETING_VERSION = 1.0;
				PRODUCT_BUNDLE_IDENTIFIER = "Vivien-Quach.ClioUITests";
				PRODUCT_NAME = "$(TARGET_NAME)";
				SWIFT_EMIT_LOC_STRINGS = NO;
				SWIFT_VERSION = 5.0;
				TARGETED_DEVICE_FAMILY = "1,2";
				TEST_TARGET_NAME = Clio;
			};
			name = Debug;
		};
		1EB0D10C2E17A29300CDC873 /* Release */ = {
			isa = XCBuildConfiguration;
			buildSettings = {
				CODE_SIGN_STYLE = Automatic;
				CURRENT_PROJECT_VERSION = 1;
				GENERATE_INFOPLIST_FILE = YES;
				MARKETING_VERSION = 1.0;
				PRODUCT_BUNDLE_IDENTIFIER = "Vivien-Quach.ClioUITests";
				PRODUCT_NAME = "$(TARGET_NAME)";
				SWIFT_EMIT_LOC_STRINGS = NO;
				SWIFT_VERSION = 5.0;
				TARGETED_DEVICE_FAMILY = "1,2";
				TEST_TARGET_NAME = Clio;
			};
			name = Release;
		};
/* End XCBuildConfiguration section */

/* Begin XCConfigurationList section */
		1EB0D0DB2E17A29100CDC873 /* Build configuration list for PBXProject "Clio" */ = {
			isa = XCConfigurationList;
			buildConfigurations = (
				1EB0D1022E17A29300CDC873 /* Debug */,
				1EB0D1032E17A29300CDC873 /* Release */,
			);
			defaultConfigurationIsVisible = 0;
			defaultConfigurationName = Release;
		};
		1EB0D1042E17A29300CDC873 /* Build configuration list for PBXNativeTarget "Clio" */ = {
			isa = XCConfigurationList;
			buildConfigurations = (
				1EB0D1052E17A29300CDC873 /* Debug */,
				1EB0D1062E17A29300CDC873 /* Release */,
			);
			defaultConfigurationIsVisible = 0;
			defaultConfigurationName = Release;
		};
		1EB0D1072E17A29300CDC873 /* Build configuration list for PBXNativeTarget "ClioTests" */ = {
			isa = XCConfigurationList;
			buildConfigurations = (
				1EB0D1082E17A29300CDC873 /* Debug */,
				1EB0D1092E17A29300CDC873 /* Release */,
			);
			defaultConfigurationIsVisible = 0;
			defaultConfigurationName = Release;
		};
		1EB0D10A2E17A29300CDC873 /* Build configuration list for PBXNativeTarget "ClioUITests" */ = {
			isa = XCConfigurationList;
			buildConfigurations = (
				1EB0D10B2E17A29300CDC873 /* Debug */,
				1EB0D10C2E17A29300CDC873 /* Release */,
			);
			defaultConfigurationIsVisible = 0;
			defaultConfigurationName = Release;
		};
/* End XCConfigurationList section */

/* Begin XCRemoteSwiftPackageReference section */
		1E0FDD672E259C3E00AB4A4E /* XCRemoteSwiftPackageReference "firebase-ios-sdk" */ = {
			isa = XCRemoteSwiftPackageReference;
			repositoryURL = "https://github.com/firebase/firebase-ios-sdk.git";
			requirement = {
				kind = upToNextMajorVersion;
				minimumVersion = 11.15.0;
			};
		};
		1E0FDE482E3406EB00AB4A4E /* XCRemoteSwiftPackageReference "AlertToast" */ = {
			isa = XCRemoteSwiftPackageReference;
			repositoryURL = "https://github.com/elai950/AlertToast";
			requirement = {
				kind = upToNextMajorVersion;
				minimumVersion = 1.3.9;
			};
		};
/* End XCRemoteSwiftPackageReference section */

/* Begin XCSwiftPackageProductDependency section */
		1E0FDD682E259C3E00AB4A4E /* FirebaseAnalytics */ = {
			isa = XCSwiftPackageProductDependency;
			package = 1E0FDD672E259C3E00AB4A4E /* XCRemoteSwiftPackageReference "firebase-ios-sdk" */;
			productName = FirebaseAnalytics;
		};
		1E0FDD6A2E259C3E00AB4A4E /* FirebaseAuth */ = {
			isa = XCSwiftPackageProductDependency;
			package = 1E0FDD672E259C3E00AB4A4E /* XCRemoteSwiftPackageReference "firebase-ios-sdk" */;
			productName = FirebaseAuth;
		};
		1E0FDD6C2E259C3E00AB4A4E /* FirebaseFirestore */ = {
			isa = XCSwiftPackageProductDependency;
			package = 1E0FDD672E259C3E00AB4A4E /* XCRemoteSwiftPackageReference "firebase-ios-sdk" */;
			productName = FirebaseFirestore;
		};
		1E0FDE492E3406EB00AB4A4E /* AlertToast */ = {
			isa = XCSwiftPackageProductDependency;
			package = 1E0FDE482E3406EB00AB4A4E /* XCRemoteSwiftPackageReference "AlertToast" */;
			productName = AlertToast;
		};
/* End XCSwiftPackageProductDependency section */
	};
	rootObject = 1EB0D0D82E17A29100CDC873 /* Project object */;
}
